
Microsoft Visual Studio Solution File, Format Version 12.00
# Visual Studio Version 16
VisualStudioVersion = 16.0.29613.14
MinimumVisualStudioVersion = 10.0.40219.1
Project("{FAE04EC0-301F-11D3-BF4B-00C04F79EFBC}") = "ConsoleUI", "ConsoleUI\ConsoleUI.csproj", "{8C38D3B1-BC47-430B-8675-04CE4A952152}"
EndProject
Project("{FAE04EC0-301F-11D3-BF4B-00C04F79EFBC}") = "PersonLibrary", "PersonLibrary\PersonLibrary.csproj", "{410C3B45-2B90-40A1-BF41-6B4A8918DBFB}"
EndProject
Global
	GlobalSection(SolutionConfigurationPlatforms) = preSolution
		Debug|Any CPU = Debug|Any CPU
		Release|Any CPU = Release|Any CPU
	EndGlobalSection
	GlobalSection(ProjectConfigurationPlatforms) = postSolution
		{8C38D3B1-BC47-430B-8675-04CE4A952152}.Debug|Any CPU.ActiveCfg = Debug|Any CPU
		{8C38D3B1-BC47-430B-8675-04CE4A952152}.Debug|Any CPU.Build.0 = Debug|Any CPU
		{8C38D3B1-BC47-430B-8675-04CE4A952152}.Release|Any CPU.ActiveCfg = Release|Any CPU
		{8C38D3B1-BC47-430B-8675-04CE4A952152}.Release|Any CPU.Build.0 = Release|Any CPU
		{410C3B45-2B90-40A1-BF41-6B4A8918DBFB}.Debug|Any CPU.ActiveCfg = Debug|Any CPU
		{410C3B45-2B90-40A1-BF41-6B4A8918DBFB}.Debug|Any CPU.Build.0 = Debug|Any CPU
		{410C3B45-2B90-40A1-BF41-6B4A8918DBFB}.Release|Any CPU.ActiveCfg = Release|Any CPU
		{410C3B45-2B90-40A1-BF41-6B4A8918DBFB}.Release|Any CPU.Build.0 = Release|Any CPU
	EndGlobalSection
	GlobalSection(SolutionProperties) = preSolution
		HideSolutionNode = FALSE
	EndGlobalSection
	GlobalSection(ExtensibilityGlobals) = postSolution
		SolutionGuid = {2D35E832-268A-4BC2-A260-04BC2EDE6AE7}
	EndGlobalSection
EndGlobal
