
Microsoft Visual Studio Solution File, Format Version 12.00
# Visual Studio Version 16
VisualStudioVersion = 16.0.29613.14
MinimumVisualStudioVersion = 10.0.40219.1
Project("{FAE04EC0-301F-11D3-BF4B-00C04F79EFBC}") = "ConsoleUI", "ConsoleUI\ConsoleUI.csproj", "{5D148C33-5FE3-4B63-96B0-DE53294E5C64}"
EndProject
Project("{FAE04EC0-301F-11D3-BF4B-00C04F79EFBC}") = "RetailItemLibrary", "RetailItemLibrary\RetailItemLibrary.csproj", "{493E9F1F-5259-4871-8103-FD4AB2C7A05F}"
EndProject
Global
	GlobalSection(SolutionConfigurationPlatforms) = preSolution
		Debug|Any CPU = Debug|Any CPU
		Release|Any CPU = Release|Any CPU
	EndGlobalSection
	GlobalSection(ProjectConfigurationPlatforms) = postSolution
		{5D148C33-5FE3-4B63-96B0-DE53294E5C64}.Debug|Any CPU.ActiveCfg = Debug|Any CPU
		{5D148C33-5FE3-4B63-96B0-DE53294E5C64}.Debug|Any CPU.Build.0 = Debug|Any CPU
		{5D148C33-5FE3-4B63-96B0-DE53294E5C64}.Release|Any CPU.ActiveCfg = Release|Any CPU
		{5D148C33-5FE3-4B63-96B0-DE53294E5C64}.Release|Any CPU.Build.0 = Release|Any CPU
		{493E9F1F-5259-4871-8103-FD4AB2C7A05F}.Debug|Any CPU.ActiveCfg = Debug|Any CPU
		{493E9F1F-5259-4871-8103-FD4AB2C7A05F}.Debug|Any CPU.Build.0 = Debug|Any CPU
		{493E9F1F-5259-4871-8103-FD4AB2C7A05F}.Release|Any CPU.ActiveCfg = Release|Any CPU
		{493E9F1F-5259-4871-8103-FD4AB2C7A05F}.Release|Any CPU.Build.0 = Release|Any CPU
	EndGlobalSection
	GlobalSection(SolutionProperties) = preSolution
		HideSolutionNode = FALSE
	EndGlobalSection
	GlobalSection(ExtensibilityGlobals) = postSolution
		SolutionGuid = {F00DB811-2E0D-4297-9FD0-ECB6ED73986F}
	EndGlobalSection
EndGlobal
